// !$*UTF8*$!
{
	archiveVersion = 1;
	classes = {
	};
	objectVersion = 50;
	objects = {

/* Begin PBXBuildFile section */
		4BFAF7442302D602007300B0 /* AppDelegate.swift in Sources */ = {isa = PBXBuildFile; fileRef = 4BFAF7432302D602007300B0 /* AppDelegate.swift */; };
		4BFAF7462302D602007300B0 /* ViewController.swift in Sources */ = {isa = PBXBuildFile; fileRef = 4BFAF7452302D602007300B0 /* ViewController.swift */; };
		4BFAF7492302D602007300B0 /* Main.storyboard in Resources */ = {isa = PBXBuildFile; fileRef = 4BFAF7472302D602007300B0 /* Main.storyboard */; };
		4BFAF74B2302D603007300B0 /* Assets.xcassets in Resources */ = {isa = PBXBuildFile; fileRef = 4BFAF74A2302D603007300B0 /* Assets.xcassets */; };
		4BFAF74E2302D603007300B0 /* LaunchScreen.storyboard in Resources */ = {isa = PBXBuildFile; fileRef = 4BFAF74C2302D603007300B0 /* LaunchScreen.storyboard */; };
		4BFAF7592302D604007300B0 /* ISO_SDK_DemonstrationTests.swift in Sources */ = {isa = PBXBuildFile; fileRef = 4BFAF7582302D604007300B0 /* ISO_SDK_DemonstrationTests.swift */; };
		4BFAF7642302D604007300B0 /* ISO_SDK_DemonstrationUITests.swift in Sources */ = {isa = PBXBuildFile; fileRef = 4BFAF7632302D604007300B0 /* ISO_SDK_DemonstrationUITests.swift */; };
/* End PBXBuildFile section */

/* Begin PBXContainerItemProxy section */
		4BFAF7552302D604007300B0 /* PBXContainerItemProxy */ = {
			isa = PBXContainerItemProxy;
			containerPortal = 4BFAF7382302D602007300B0 /* Project object */;
			proxyType = 1;
			remoteGlobalIDString = 4BFAF73F2302D602007300B0;
			remoteInfo = "ISO SDK Demonstration";
		};
		4BFAF7602302D604007300B0 /* PBXContainerItemProxy */ = {
			isa = PBXContainerItemProxy;
			containerPortal = 4BFAF7382302D602007300B0 /* Project object */;
			proxyType = 1;
			remoteGlobalIDString = 4BFAF73F2302D602007300B0;
			remoteInfo = "ISO SDK Demonstration";
		};
/* End PBXContainerItemProxy section */

/* Begin PBXFileReference section */
		4BFAF7402302D602007300B0 /* ISO SDK Demonstration.app */ = {isa = PBXFileReference; explicitFileType = wrapper.application; includeInIndex = 0; path = "ISO SDK Demonstration.app"; sourceTree = BUILT_PRODUCTS_DIR; };
		4BFAF7432302D602007300B0 /* AppDelegate.swift */ = {isa = PBXFileReference; lastKnownFileType = sourcecode.swift; path = AppDelegate.swift; sourceTree = "<group>"; };
		4BFAF7452302D602007300B0 /* ViewController.swift */ = {isa = PBXFileReference; lastKnownFileType = sourcecode.swift; path = ViewController.swift; sourceTree = "<group>"; };
		4BFAF7482302D602007300B0 /* Base */ = {isa = PBXFileReference; lastKnownFileType = file.storyboard; name = Base; path = Base.lproj/Main.storyboard; sourceTree = "<group>"; };
		4BFAF74A2302D603007300B0 /* Assets.xcassets */ = {isa = PBXFileReference; lastKnownFileType = folder.assetcatalog; path = Assets.xcassets; sourceTree = "<group>"; };
		4BFAF74D2302D603007300B0 /* Base */ = {isa = PBXFileReference; lastKnownFileType = file.storyboard; name = Base; path = Base.lproj/LaunchScreen.storyboard; sourceTree = "<group>"; };
		4BFAF74F2302D603007300B0 /* Info.plist */ = {isa = PBXFileReference; lastKnownFileType = text.plist.xml; path = Info.plist; sourceTree = "<group>"; };
		4BFAF7542302D604007300B0 /* ISO SDK DemonstrationTests.xctest */ = {isa = PBXFileReference; explicitFileType = wrapper.cfbundle; includeInIndex = 0; path = "ISO SDK DemonstrationTests.xctest"; sourceTree = BUILT_PRODUCTS_DIR; };
		4BFAF7582302D604007300B0 /* ISO_SDK_DemonstrationTests.swift */ = {isa = PBXFileReference; lastKnownFileType = sourcecode.swift; path = ISO_SDK_DemonstrationTests.swift; sourceTree = "<group>"; };
		4BFAF75A2302D604007300B0 /* Info.plist */ = {isa = PBXFileReference; lastKnownFileType = text.plist.xml; path = Info.plist; sourceTree = "<group>"; };
		4BFAF75F2302D604007300B0 /* ISO SDK DemonstrationUITests.xctest */ = {isa = PBXFileReference; explicitFileType = wrapper.cfbundle; includeInIndex = 0; path = "ISO SDK DemonstrationUITests.xctest"; sourceTree = BUILT_PRODUCTS_DIR; };
		4BFAF7632302D604007300B0 /* ISO_SDK_DemonstrationUITests.swift */ = {isa = PBXFileReference; lastKnownFileType = sourcecode.swift; path = ISO_SDK_DemonstrationUITests.swift; sourceTree = "<group>"; };
		4BFAF7652302D604007300B0 /* Info.plist */ = {isa = PBXFileReference; lastKnownFileType = text.plist.xml; path = Info.plist; sourceTree = "<group>"; };
/* End PBXFileReference section */

/* Begin PBXFrameworksBuildPhase section */
		4BFAF73D2302D602007300B0 /* Frameworks */ = {
			isa = PBXFrameworksBuildPhase;
			buildActionMask = 2147483647;
			files = (
			);
			runOnlyForDeploymentPostprocessing = 0;
		};
		4BFAF7512302D604007300B0 /* Frameworks */ = {
			isa = PBXFrameworksBuildPhase;
			buildActionMask = 2147483647;
			files = (
			);
			runOnlyForDeploymentPostprocessing = 0;
		};
		4BFAF75C2302D604007300B0 /* Frameworks */ = {
			isa = PBXFrameworksBuildPhase;
			buildActionMask = 2147483647;
			files = (
			);
			runOnlyForDeploymentPostprocessing = 0;
		};
/* End PBXFrameworksBuildPhase section */

/* Begin PBXGroup section */
		4BFAF7372302D602007300B0 = {
			isa = PBXGroup;
			children = (
				4BFAF7422302D602007300B0 /* ISO SDK Demonstration */,
				4BFAF7572302D604007300B0 /* ISO SDK DemonstrationTests */,
				4BFAF7622302D604007300B0 /* ISO SDK DemonstrationUITests */,
				4BFAF7412302D602007300B0 /* Products */,
			);
			sourceTree = "<group>";
		};
		4BFAF7412302D602007300B0 /* Products */ = {
			isa = PBXGroup;
			children = (
				4BFAF7402302D602007300B0 /* ISO SDK Demonstration.app */,
				4BFAF7542302D604007300B0 /* ISO SDK DemonstrationTests.xctest */,
				4BFAF75F2302D604007300B0 /* ISO SDK DemonstrationUITests.xctest */,
			);
			name = Products;
			sourceTree = "<group>";
		};
		4BFAF7422302D602007300B0 /* ISO SDK Demonstration */ = {
			isa = PBXGroup;
			children = (
				4BFAF7432302D602007300B0 /* AppDelegate.swift */,
				4BFAF7452302D602007300B0 /* ViewController.swift */,
				4BFAF7472302D602007300B0 /* Main.storyboard */,
				4BFAF74A2302D603007300B0 /* Assets.xcassets */,
				4BFAF74C2302D603007300B0 /* LaunchScreen.storyboard */,
				4BFAF74F2302D603007300B0 /* Info.plist */,
			);
			path = "ISO SDK Demonstration";
			sourceTree = "<group>";
		};
		4BFAF7572302D604007300B0 /* ISO SDK DemonstrationTests */ = {
			isa = PBXGroup;
			children = (
				4BFAF7582302D604007300B0 /* ISO_SDK_DemonstrationTests.swift */,
				4BFAF75A2302D604007300B0 /* Info.plist */,
			);
			path = "ISO SDK DemonstrationTests";
			sourceTree = "<group>";
		};
		4BFAF7622302D604007300B0 /* ISO SDK DemonstrationUITests */ = {
			isa = PBXGroup;
			children = (
				4BFAF7632302D604007300B0 /* ISO_SDK_DemonstrationUITests.swift */,
				4BFAF7652302D604007300B0 /* Info.plist */,
			);
			path = "ISO SDK DemonstrationUITests";
			sourceTree = "<group>";
		};
/* End PBXGroup section */

/* Begin PBXNativeTarget section */
		4BFAF73F2302D602007300B0 /* ISO SDK Demonstration */ = {
			isa = PBXNativeTarget;
			buildConfigurationList = 4BFAF7682302D604007300B0 /* Build configuration list for PBXNativeTarget "ISO SDK Demonstration" */;
			buildPhases = (
				4BFAF73C2302D602007300B0 /* Sources */,
				4BFAF73D2302D602007300B0 /* Frameworks */,
				4BFAF73E2302D602007300B0 /* Resources */,
			);
			buildRules = (
			);
			dependencies = (
			);
			name = "ISO SDK Demonstration";
			productName = "ISO SDK Demonstration";
			productReference = 4BFAF7402302D602007300B0 /* ISO SDK Demonstration.app */;
			productType = "com.apple.product-type.application";
		};
		4BFAF7532302D604007300B0 /* ISO SDK DemonstrationTests */ = {
			isa = PBXNativeTarget;
			buildConfigurationList = 4BFAF76B2302D604007300B0 /* Build configuration list for PBXNativeTarget "ISO SDK DemonstrationTests" */;
			buildPhases = (
				4BFAF7502302D604007300B0 /* Sources */,
				4BFAF7512302D604007300B0 /* Frameworks */,
				4BFAF7522302D604007300B0 /* Resources */,
			);
			buildRules = (
			);
			dependencies = (
				4BFAF7562302D604007300B0 /* PBXTargetDependency */,
			);
			name = "ISO SDK DemonstrationTests";
			productName = "ISO SDK DemonstrationTests";
			productReference = 4BFAF7542302D604007300B0 /* ISO SDK DemonstrationTests.xctest */;
			productType = "com.apple.product-type.bundle.unit-test";
		};
		4BFAF75E2302D604007300B0 /* ISO SDK DemonstrationUITests */ = {
			isa = PBXNativeTarget;
			buildConfigurationList = 4BFAF76E2302D604007300B0 /* Build configuration list for PBXNativeTarget "ISO SDK DemonstrationUITests" */;
			buildPhases = (
				4BFAF75B2302D604007300B0 /* Sources */,
				4BFAF75C2302D604007300B0 /* Frameworks */,
				4BFAF75D2302D604007300B0 /* Resources */,
			);
			buildRules = (
			);
			dependencies = (
				4BFAF7612302D604007300B0 /* PBXTargetDependency */,
			);
			name = "ISO SDK DemonstrationUITests";
			productName = "ISO SDK DemonstrationUITests";
			productReference = 4BFAF75F2302D604007300B0 /* ISO SDK DemonstrationUITests.xctest */;
			productType = "com.apple.product-type.bundle.ui-testing";
		};
/* End PBXNativeTarget section */

/* Begin PBXProject section */
		4BFAF7382302D602007300B0 /* Project object */ = {
			isa = PBXProject;
			attributes = {
				LastSwiftUpdateCheck = 1030;
				LastUpgradeCheck = 1030;
				ORGANIZATIONNAME = "John Mahedy";
				TargetAttributes = {
					4BFAF73F2302D602007300B0 = {
						CreatedOnToolsVersion = 10.3;
					};
					4BFAF7532302D604007300B0 = {
						CreatedOnToolsVersion = 10.3;
						TestTargetID = 4BFAF73F2302D602007300B0;
					};
					4BFAF75E2302D604007300B0 = {
						CreatedOnToolsVersion = 10.3;
						TestTargetID = 4BFAF73F2302D602007300B0;
					};
				};
			};
			buildConfigurationList = 4BFAF73B2302D602007300B0 /* Build configuration list for PBXProject "ISO SDK Demonstration" */;
			compatibilityVersion = "Xcode 9.3";
			developmentRegion = en;
			hasScannedForEncodings = 0;
			knownRegions = (
				en,
				Base,
			);
			mainGroup = 4BFAF7372302D602007300B0;
			productRefGroup = 4BFAF7412302D602007300B0 /* Products */;
			projectDirPath = "";
			projectRoot = "";
			targets = (
				4BFAF73F2302D602007300B0 /* ISO SDK Demonstration */,
				4BFAF7532302D604007300B0 /* ISO SDK DemonstrationTests */,
				4BFAF75E2302D604007300B0 /* ISO SDK DemonstrationUITests */,
			);
		};
/* End PBXProject section */

/* Begin PBXResourcesBuildPhase section */
		4BFAF73E2302D602007300B0 /* Resources */ = {
			isa = PBXResourcesBuildPhase;
			buildActionMask = 2147483647;
			files = (
				4BFAF74E2302D603007300B0 /* LaunchScreen.storyboard in Resources */,
				4BFAF74B2302D603007300B0 /* Assets.xcassets in Resources */,
				4BFAF7492302D602007300B0 /* Main.storyboard in Resources */,
			);
			runOnlyForDeploymentPostprocessing = 0;
		};
		4BFAF7522302D604007300B0 /* Resources */ = {
			isa = PBXResourcesBuildPhase;
			buildActionMask = 2147483647;
			files = (
			);
			runOnlyForDeploymentPostprocessing = 0;
		};
		4BFAF75D2302D604007300B0 /* Resources */ = {
			isa = PBXResourcesBuildPhase;
			buildActionMask = 2147483647;
			files = (
			);
			runOnlyForDeploymentPostprocessing = 0;
		};
/* End PBXResourcesBuildPhase section */

/* Begin PBXSourcesBuildPhase section */
		4BFAF73C2302D602007300B0 /* Sources */ = {
			isa = PBXSourcesBuildPhase;
			buildActionMask = 2147483647;
			files = (
				4BFAF7462302D602007300B0 /* ViewController.swift in Sources */,
				4BFAF7442302D602007300B0 /* AppDelegate.swift in Sources */,
			);
			runOnlyForDeploymentPostprocessing = 0;
		};
		4BFAF7502302D604007300B0 /* Sources */ = {
			isa = PBXSourcesBuildPhase;
			buildActionMask = 2147483647;
			files = (
				4BFAF7592302D604007300B0 /* ISO_SDK_DemonstrationTests.swift in Sources */,
			);
			runOnlyForDeploymentPostprocessing = 0;
		};
		4BFAF75B2302D604007300B0 /* Sources */ = {
			isa = PBXSourcesBuildPhase;
			buildActionMask = 2147483647;
			files = (
				4BFAF7642302D604007300B0 /* ISO_SDK_DemonstrationUITests.swift in Sources */,
			);
			runOnlyForDeploymentPostprocessing = 0;
		};
/* End PBXSourcesBuildPhase section */

/* Begin PBXTargetDependency section */
		4BFAF7562302D604007300B0 /* PBXTargetDependency */ = {
			isa = PBXTargetDependency;
			target = 4BFAF73F2302D602007300B0 /* ISO SDK Demonstration */;
			targetProxy = 4BFAF7552302D604007300B0 /* PBXContainerItemProxy */;
		};
		4BFAF7612302D604007300B0 /* PBXTargetDependency */ = {
			isa = PBXTargetDependency;
			target = 4BFAF73F2302D602007300B0 /* ISO SDK Demonstration */;
			targetProxy = 4BFAF7602302D604007300B0 /* PBXContainerItemProxy */;
		};
/* End PBXTargetDependency section */

/* Begin PBXVariantGroup section */
		4BFAF7472302D602007300B0 /* Main.storyboard */ = {
			isa = PBXVariantGroup;
			children = (
				4BFAF7482302D602007300B0 /* Base */,
			);
			name = Main.storyboard;
			sourceTree = "<group>";
		};
		4BFAF74C2302D603007300B0 /* LaunchScreen.storyboard */ = {
			isa = PBXVariantGroup;
			children = (
				4BFAF74D2302D603007300B0 /* Base */,
			);
			name = LaunchScreen.storyboard;
			sourceTree = "<group>";
		};
/* End PBXVariantGroup section */

/* Begin XCBuildConfiguration section */
		4BFAF7662302D604007300B0 /* Debug */ = {
			isa = XCBuildConfiguration;
			buildSettings = {
				ALWAYS_SEARCH_USER_PATHS = NO;
				CLANG_ANALYZER_NONNULL = YES;
				CLANG_ANALYZER_NUMBER_OBJECT_CONVERSION = YES_AGGRESSIVE;
				CLANG_CXX_LANGUAGE_STANDARD = "gnu++14";
				CLANG_CXX_LIBRARY = "libc++";
				CLANG_ENABLE_MODULES = YES;
				CLANG_ENABLE_OBJC_ARC = YES;
				CLANG_ENABLE_OBJC_WEAK = YES;
				CLANG_WARN_BLOCK_CAPTURE_AUTORELEASING = YES;
				CLANG_WARN_BOOL_CONVERSION = YES;
				CLANG_WARN_COMMA = YES;
				CLANG_WARN_CONSTANT_CONVERSION = YES;
				CLANG_WARN_DEPRECATED_OBJC_IMPLEMENTATIONS = YES;
				CLANG_WARN_DIRECT_OBJC_ISA_USAGE = YES_ERROR;
				CLANG_WARN_DOCUMENTATION_COMMENTS = YES;
				CLANG_WARN_EMPTY_BODY = YES;
				CLANG_WARN_ENUM_CONVERSION = YES;
				CLANG_WARN_INFINITE_RECURSION = YES;
				CLANG_WARN_INT_CONVERSION = YES;
				CLANG_WARN_NON_LITERAL_NULL_CONVERSION = YES;
				CLANG_WARN_OBJC_IMPLICIT_RETAIN_SELF = YES;
				CLANG_WARN_OBJC_LITERAL_CONVERSION = YES;
				CLANG_WARN_OBJC_ROOT_CLASS = YES_ERROR;
				CLANG_WARN_RANGE_LOOP_ANALYSIS = YES;
				CLANG_WARN_STRICT_PROTOTYPES = YES;
				CLANG_WARN_SUSPICIOUS_MOVE = YES;
				CLANG_WARN_UNGUARDED_AVAILABILITY = YES_AGGRESSIVE;
				CLANG_WARN_UNREACHABLE_CODE = YES;
				CLANG_WARN__DUPLICATE_METHOD_MATCH = YES;
				CODE_SIGN_IDENTITY = "iPhone Developer";
				COPY_PHASE_STRIP = NO;
				DEBUG_INFORMATION_FORMAT = dwarf;
				ENABLE_STRICT_OBJC_MSGSEND = YES;
				ENABLE_TESTABILITY = YES;
				GCC_C_LANGUAGE_STANDARD = gnu11;
				GCC_DYNAMIC_NO_PIC = NO;
				GCC_NO_COMMON_BLOCKS = YES;
				GCC_OPTIMIZATION_LEVEL = 0;
				GCC_PREPROCESSOR_DEFINITIONS = (
					"DEBUG=1",
					"$(inherited)",
				);
				GCC_WARN_64_TO_32_BIT_CONVERSION = YES;
				GCC_WARN_ABOUT_RETURN_TYPE = YES_ERROR;
				GCC_WARN_UNDECLARED_SELECTOR = YES;
				GCC_WARN_UNINITIALIZED_AUTOS = YES_AGGRESSIVE;
				GCC_WARN_UNUSED_FUNCTION = YES;
				GCC_WARN_UNUSED_VARIABLE = YES;
				IPHONEOS_DEPLOYMENT_TARGET = 12.4;
				MTL_ENABLE_DEBUG_INFO = INCLUDE_SOURCE;
				MTL_FAST_MATH = YES;
				ONLY_ACTIVE_ARCH = YES;
				SDKROOT = iphoneos;
				SWIFT_ACTIVE_COMPILATION_CONDITIONS = DEBUG;
				SWIFT_OPTIMIZATION_LEVEL = "-Onone";
			};
			name = Debug;
		};
		4BFAF7672302D604007300B0 /* Release */ = {
			isa = XCBuildConfiguration;
			buildSettings = {
				ALWAYS_SEARCH_USER_PATHS = NO;
				CLANG_ANALYZER_NONNULL = YES;
				CLANG_ANALYZER_NUMBER_OBJECT_CONVERSION = YES_AGGRESSIVE;
				CLANG_CXX_LANGUAGE_STANDARD = "gnu++14";
				CLANG_CXX_LIBRARY = "libc++";
				CLANG_ENABLE_MODULES = YES;
				CLANG_ENABLE_OBJC_ARC = YES;
				CLANG_ENABLE_OBJC_WEAK = YES;
				CLANG_WARN_BLOCK_CAPTURE_AUTORELEASING = YES;
				CLANG_WARN_BOOL_CONVERSION = YES;
				CLANG_WARN_COMMA = YES;
				CLANG_WARN_CONSTANT_CONVERSION = YES;
				CLANG_WARN_DEPRECATED_OBJC_IMPLEMENTATIONS = YES;
				CLANG_WARN_DIRECT_OBJC_ISA_USAGE = YES_ERROR;
				CLANG_WARN_DOCUMENTATION_COMMENTS = YES;
				CLANG_WARN_EMPTY_BODY = YES;
				CLANG_WARN_ENUM_CONVERSION = YES;
				CLANG_WARN_INFINITE_RECURSION = YES;
				CLANG_WARN_INT_CONVERSION = YES;
				CLANG_WARN_NON_LITERAL_NULL_CONVERSION = YES;
				CLANG_WARN_OBJC_IMPLICIT_RETAIN_SELF = YES;
				CLANG_WARN_OBJC_LITERAL_CONVERSION = YES;
				CLANG_WARN_OBJC_ROOT_CLASS = YES_ERROR;
				CLANG_WARN_RANGE_LOOP_ANALYSIS = YES;
				CLANG_WARN_STRICT_PROTOTYPES = YES;
				CLANG_WARN_SUSPICIOUS_MOVE = YES;
				CLANG_WARN_UNGUARDED_AVAILABILITY = YES_AGGRESSIVE;
				CLANG_WARN_UNREACHABLE_CODE = YES;
				CLANG_WARN__DUPLICATE_METHOD_MATCH = YES;
				CODE_SIGN_IDENTITY = "iPhone Developer";
				COPY_PHASE_STRIP = NO;
				DEBUG_INFORMATION_FORMAT = "dwarf-with-dsym";
				ENABLE_NS_ASSERTIONS = NO;
				ENABLE_STRICT_OBJC_MSGSEND = YES;
				GCC_C_LANGUAGE_STANDARD = gnu11;
				GCC_NO_COMMON_BLOCKS = YES;
				GCC_WARN_64_TO_32_BIT_CONVERSION = YES;
				GCC_WARN_ABOUT_RETURN_TYPE = YES_ERROR;
				GCC_WARN_UNDECLARED_SELECTOR = YES;
				GCC_WARN_UNINITIALIZED_AUTOS = YES_AGGRESSIVE;
				GCC_WARN_UNUSED_FUNCTION = YES;
				GCC_WARN_UNUSED_VARIABLE = YES;
				IPHONEOS_DEPLOYMENT_TARGET = 12.4;
				MTL_ENABLE_DEBUG_INFO = NO;
				MTL_FAST_MATH = YES;
				SDKROOT = iphoneos;
				SWIFT_COMPILATION_MODE = wholemodule;
				SWIFT_OPTIMIZATION_LEVEL = "-O";
				VALIDATE_PRODUCT = YES;
			};
			name = Release;
		};
		4BFAF7692302D604007300B0 /* Debug */ = {
			isa = XCBuildConfiguration;
			buildSettings = {
				ASSETCATALOG_COMPILER_APPICON_NAME = AppIcon;
				CODE_SIGN_STYLE = Automatic;
				DEVELOPMENT_TEAM = U45U34B29S;
				INFOPLIST_FILE = "ISO SDK Demonstration/Info.plist";
				LD_RUNPATH_SEARCH_PATHS = (
					"$(inherited)",
					"@executable_path/Frameworks",
				);
				PRODUCT_BUNDLE_IDENTIFIER = "jmahedy.box.com.ISO-SDK-Demonstration";
				PRODUCT_NAME = "$(TARGET_NAME)";
				SWIFT_VERSION = 5.0;
				TARGETED_DEVICE_FAMILY = "1,2";
			};
			name = Debug;
		};
		4BFAF76A2302D604007300B0 /* Release */ = {
			isa = XCBuildConfiguration;
			buildSettings = {
				ASSETCATALOG_COMPILER_APPICON_NAME = AppIcon;
				CODE_SIGN_STYLE = Automatic;
				DEVELOPMENT_TEAM = U45U34B29S;
				INFOPLIST_FILE = "ISO SDK Demonstration/Info.plist";
				LD_RUNPATH_SEARCH_PATHS = (
					"$(inherited)",
					"@executable_path/Frameworks",
				);
				PRODUCT_BUNDLE_IDENTIFIER = "jmahedy.box.com.ISO-SDK-Demonstration";
				PRODUCT_NAME = "$(TARGET_NAME)";
				SWIFT_VERSION = 5.0;
				TARGETED_DEVICE_FAMILY = "1,2";
			};
			name = Release;
		};
		4BFAF76C2302D604007300B0 /* Debug */ = {
			isa = XCBuildConfiguration;
			buildSettings = {
				ALWAYS_EMBED_SWIFT_STANDARD_LIBRARIES = YES;
				BUNDLE_LOADER = "$(TEST_HOST)";
				CODE_SIGN_STYLE = Automatic;
				INFOPLIST_FILE = "ISO SDK DemonstrationTests/Info.plist";
				LD_RUNPATH_SEARCH_PATHS = (
					"$(inherited)",
					"@executable_path/Frameworks",
					"@loader_path/Frameworks",
				);
				PRODUCT_BUNDLE_IDENTIFIER = "jmahedy.box.com.ISO-SDK-DemonstrationTests";
				PRODUCT_NAME = "$(TARGET_NAME)";
				SWIFT_VERSION = 5.0;
				TARGETED_DEVICE_FAMILY = "1,2";
				TEST_HOST = "$(BUILT_PRODUCTS_DIR)/ISO SDK Demonstration.app/ISO SDK Demonstration";
			};
			name = Debug;
		};
		4BFAF76D2302D604007300B0 /* Release */ = {
			isa = XCBuildConfiguration;
			buildSettings = {
				ALWAYS_EMBED_SWIFT_STANDARD_LIBRARIES = YES;
				BUNDLE_LOADER = "$(TEST_HOST)";
				CODE_SIGN_STYLE = Automatic;
				INFOPLIST_FILE = "ISO SDK DemonstrationTests/Info.plist";
				LD_RUNPATH_SEARCH_PATHS = (
					"$(inherited)",
					"@executable_path/Frameworks",
					"@loader_path/Frameworks",
				);
				PRODUCT_BUNDLE_IDENTIFIER = "jmahedy.box.com.ISO-SDK-DemonstrationTests";
				PRODUCT_NAME = "$(TARGET_NAME)";
				SWIFT_VERSION = 5.0;
				TARGETED_DEVICE_FAMILY = "1,2";
				TEST_HOST = "$(BUILT_PRODUCTS_DIR)/ISO SDK Demonstration.app/ISO SDK Demonstration";
			};
			name = Release;
		};
		4BFAF76F2302D604007300B0 /* Debug */ = {
			isa = XCBuildConfiguration;
			buildSettings = {
				ALWAYS_EMBED_SWIFT_STANDARD_LIBRARIES = YES;
				CODE_SIGN_STYLE = Automatic;
				INFOPLIST_FILE = "ISO SDK DemonstrationUITests/Info.plist";
				LD_RUNPATH_SEARCH_PATHS = (
					"$(inherited)",
					"@executable_path/Frameworks",
					"@loader_path/Frameworks",
				);
				PRODUCT_BUNDLE_IDENTIFIER = "jmahedy.box.com.ISO-SDK-DemonstrationUITests";
				PRODUCT_NAME = "$(TARGET_NAME)";
				SWIFT_VERSION = 5.0;
				TARGETED_DEVICE_FAMILY = "1,2";
				TEST_TARGET_NAME = "ISO SDK Demonstration";
			};
			name = Debug;
		};
		4BFAF7702302D604007300B0 /* Release */ = {
			isa = XCBuildConfiguration;
			buildSettings = {
				ALWAYS_EMBED_SWIFT_STANDARD_LIBRARIES = YES;
				CODE_SIGN_STYLE = Automatic;
				INFOPLIST_FILE = "ISO SDK DemonstrationUITests/Info.plist";
				LD_RUNPATH_SEARCH_PATHS = (
					"$(inherited)",
					"@executable_path/Frameworks",
					"@loader_path/Frameworks",
				);
				PRODUCT_BUNDLE_IDENTIFIER = "jmahedy.box.com.ISO-SDK-DemonstrationUITests";
				PRODUCT_NAME = "$(TARGET_NAME)";
				SWIFT_VERSION = 5.0;
				TARGETED_DEVICE_FAMILY = "1,2";
				TEST_TARGET_NAME = "ISO SDK Demonstration";
			};
			name = Release;
		};
/* End XCBuildConfiguration section */

/* Begin XCConfigurationList section */
		4BFAF73B2302D602007300B0 /* Build configuration list for PBXProject "ISO SDK Demonstration" */ = {
			isa = XCConfigurationList;
			buildConfigurations = (
				4BFAF7662302D604007300B0 /* Debug */,
				4BFAF7672302D604007300B0 /* Release */,
			);
			defaultConfigurationIsVisible = 0;
			defaultConfigurationName = Release;
		};
		4BFAF7682302D604007300B0 /* Build configuration list for PBXNativeTarget "ISO SDK Demonstration" */ = {
			isa = XCConfigurationList;
			buildConfigurations = (
				4BFAF7692302D604007300B0 /* Debug */,
				4BFAF76A2302D604007300B0 /* Release */,
			);
			defaultConfigurationIsVisible = 0;
			defaultConfigurationName = Release;
		};
		4BFAF76B2302D604007300B0 /* Build configuration list for PBXNativeTarget "ISO SDK DemonstrationTests" */ = {
			isa = XCConfigurationList;
			buildConfigurations = (
				4BFAF76C2302D604007300B0 /* Debug */,
				4BFAF76D2302D604007300B0 /* Release */,
			);
			defaultConfigurationIsVisible = 0;
			defaultConfigurationName = Release;
		};
		4BFAF76E2302D604007300B0 /* Build configuration list for PBXNativeTarget "ISO SDK DemonstrationUITests" */ = {
			isa = XCConfigurationList;
			buildConfigurations = (
				4BFAF76F2302D604007300B0 /* Debug */,
				4BFAF7702302D604007300B0 /* Release */,
			);
			defaultConfigurationIsVisible = 0;
			defaultConfigurationName = Release;
		};
/* End XCConfigurationList section */
	};
	rootObject = 4BFAF7382302D602007300B0 /* Project object */;
}
